// !$*UTF8*$!
{
	archiveVersion = 1;
	classes = {
	};
	objectVersion = 56;
	objects = {

/* Begin PBXBuildFile section */
		4A2113B2294B59C60087446C /* ResultViewController.swift in Sources */ = {isa = PBXBuildFile; fileRef = 4A2113B1294B59C60087446C /* ResultViewController.swift */; };
		4A297152294B6C9000D6EF6A /* Engine.swift in Sources */ = {isa = PBXBuildFile; fileRef = 4A297151294B6C9000D6EF6A /* Engine.swift */; };
		4A3E072E294B531900BECA61 /* AppDelegate.swift in Sources */ = {isa = PBXBuildFile; fileRef = 4A3E072D294B531900BECA61 /* AppDelegate.swift */; };
		4A3E0730294B531900BECA61 /* SceneDelegate.swift in Sources */ = {isa = PBXBuildFile; fileRef = 4A3E072F294B531900BECA61 /* SceneDelegate.swift */; };
		4A3E0732294B531900BECA61 /* BattleViewController.swift in Sources */ = {isa = PBXBuildFile; fileRef = 4A3E0731294B531900BECA61 /* BattleViewController.swift */; };
		4A3E0735294B531900BECA61 /* Main.storyboard in Resources */ = {isa = PBXBuildFile; fileRef = 4A3E0733294B531900BECA61 /* Main.storyboard */; };
		4A3E0738294B531900BECA61 /* MyBowserBash.xcdatamodeld in Sources */ = {isa = PBXBuildFile; fileRef = 4A3E0736294B531900BECA61 /* MyBowserBash.xcdatamodeld */; };
		4A3E073A294B531A00BECA61 /* Assets.xcassets in Resources */ = {isa = PBXBuildFile; fileRef = 4A3E0739294B531A00BECA61 /* Assets.xcassets */; };
		4A3E074C294B53CD00BECA61 /* Boss.swift in Sources */ = {isa = PBXBuildFile; fileRef = 4A3E0748294B53CD00BECA61 /* Boss.swift */; };
		4A3E074D294B53CD00BECA61 /* Mage.swift in Sources */ = {isa = PBXBuildFile; fileRef = 4A3E0749294B53CD00BECA61 /* Mage.swift */; };
		4A3E074E294B53CD00BECA61 /* Fighter.swift in Sources */ = {isa = PBXBuildFile; fileRef = 4A3E074A294B53CD00BECA61 /* Fighter.swift */; };
		4A3E074F294B53CD00BECA61 /* Character.swift in Sources */ = {isa = PBXBuildFile; fileRef = 4A3E074B294B53CD00BECA61 /* Character.swift */; };
		4A3E0757294B54E200BECA61 /* LaunchScreen.storyboard in Resources */ = {isa = PBXBuildFile; fileRef = 4A3E0756294B54E200BECA61 /* LaunchScreen.storyboard */; };
/* End PBXBuildFile section */

/* Begin PBXFileReference section */
		4A2113B1294B59C60087446C /* ResultViewController.swift */ = {isa = PBXFileReference; lastKnownFileType = sourcecode.swift; path = ResultViewController.swift; sourceTree = "<group>"; };
		4A297151294B6C9000D6EF6A /* Engine.swift */ = {isa = PBXFileReference; fileEncoding = 4; lastKnownFileType = sourcecode.swift; path = Engine.swift; sourceTree = "<group>"; };
		4A3E072A294B531900BECA61 /* MyBowserBash.app */ = {isa = PBXFileReference; explicitFileType = wrapper.application; includeInIndex = 0; path = MyBowserBash.app; sourceTree = BUILT_PRODUCTS_DIR; };
		4A3E072D294B531900BECA61 /* AppDelegate.swift */ = {isa = PBXFileReference; lastKnownFileType = sourcecode.swift; path = AppDelegate.swift; sourceTree = "<group>"; };
		4A3E072F294B531900BECA61 /* SceneDelegate.swift */ = {isa = PBXFileReference; lastKnownFileType = sourcecode.swift; path = SceneDelegate.swift; sourceTree = "<group>"; };
		4A3E0731294B531900BECA61 /* BattleViewController.swift */ = {isa = PBXFileReference; lastKnownFileType = sourcecode.swift; path = BattleViewController.swift; sourceTree = "<group>"; };
		4A3E0734294B531900BECA61 /* Base */ = {isa = PBXFileReference; lastKnownFileType = file.storyboard; name = Base; path = Base.lproj/Main.storyboard; sourceTree = "<group>"; };
		4A3E0737294B531900BECA61 /* MyBowserBash.xcdatamodel */ = {isa = PBXFileReference; lastKnownFileType = wrapper.xcdatamodel; path = MyBowserBash.xcdatamodel; sourceTree = "<group>"; };
		4A3E0739294B531A00BECA61 /* Assets.xcassets */ = {isa = PBXFileReference; lastKnownFileType = folder.assetcatalog; path = Assets.xcassets; sourceTree = "<group>"; };
		4A3E073E294B531A00BECA61 /* Info.plist */ = {isa = PBXFileReference; lastKnownFileType = text.plist.xml; path = Info.plist; sourceTree = "<group>"; };
		4A3E0748294B53CD00BECA61 /* Boss.swift */ = {isa = PBXFileReference; fileEncoding = 4; lastKnownFileType = sourcecode.swift; path = Boss.swift; sourceTree = "<group>"; };
		4A3E0749294B53CD00BECA61 /* Mage.swift */ = {isa = PBXFileReference; fileEncoding = 4; lastKnownFileType = sourcecode.swift; path = Mage.swift; sourceTree = "<group>"; };
		4A3E074A294B53CD00BECA61 /* Fighter.swift */ = {isa = PBXFileReference; fileEncoding = 4; lastKnownFileType = sourcecode.swift; path = Fighter.swift; sourceTree = "<group>"; };
		4A3E074B294B53CD00BECA61 /* Character.swift */ = {isa = PBXFileReference; fileEncoding = 4; lastKnownFileType = sourcecode.swift; path = Character.swift; sourceTree = "<group>"; };
		4A3E0756294B54E200BECA61 /* LaunchScreen.storyboard */ = {isa = PBXFileReference; fileEncoding = 4; lastKnownFileType = file.storyboard; path = LaunchScreen.storyboard; sourceTree = "<group>"; };
/* End PBXFileReference section */

/* Begin PBXFrameworksBuildPhase section */
		4A3E0727294B531900BECA61 /* Frameworks */ = {
			isa = PBXFrameworksBuildPhase;
			buildActionMask = 2147483647;
			files = (
			);
			runOnlyForDeploymentPostprocessing = 0;
		};
/* End PBXFrameworksBuildPhase section */

/* Begin PBXGroup section */
		4A297150294B6C6500D6EF6A /* actors */ = {
			isa = PBXGroup;
			children = (
				4A3E0748294B53CD00BECA61 /* Boss.swift */,
				4A3E074B294B53CD00BECA61 /* Character.swift */,
				4A3E074A294B53CD00BECA61 /* Fighter.swift */,
				4A3E0749294B53CD00BECA61 /* Mage.swift */,
			);
			path = actors;
			sourceTree = "<group>";
		};
		4A3E0721294B531900BECA61 = {
			isa = PBXGroup;
			children = (
				4A3E072C294B531900BECA61 /* MyBowserBash */,
				4A3E072B294B531900BECA61 /* Products */,
			);
			sourceTree = "<group>";
		};
		4A3E072B294B531900BECA61 /* Products */ = {
			isa = PBXGroup;
			children = (
				4A3E072A294B531900BECA61 /* MyBowserBash.app */,
			);
			name = Products;
			sourceTree = "<group>";
		};
		4A3E072C294B531900BECA61 /* MyBowserBash */ = {
			isa = PBXGroup;
			children = (
				4A3E0746294B537800BECA61 /* Model */,
				4A3E0745294B536B00BECA61 /* View */,
				4A3E0744294B535C00BECA61 /* Control */,
				4A3E072D294B531900BECA61 /* AppDelegate.swift */,
				4A3E072F294B531900BECA61 /* SceneDelegate.swift */,
				4A3E0739294B531A00BECA61 /* Assets.xcassets */,
				4A3E073E294B531A00BECA61 /* Info.plist */,
				4A3E0736294B531900BECA61 /* MyBowserBash.xcdatamodeld */,
			);
			path = MyBowserBash;
			sourceTree = "<group>";
		};
		4A3E0744294B535C00BECA61 /* Control */ = {
			isa = PBXGroup;
			children = (
				4A3E0731294B531900BECA61 /* BattleViewController.swift */,
				4A2113B1294B59C60087446C /* ResultViewController.swift */,
			);
			path = Control;
			sourceTree = "<group>";
		};
		4A3E0745294B536B00BECA61 /* View */ = {
			isa = PBXGroup;
			children = (
				4A3E0733294B531900BECA61 /* Main.storyboard */,
				4A3E0756294B54E200BECA61 /* LaunchScreen.storyboard */,
			);
			path = View;
			sourceTree = "<group>";
		};
		4A3E0746294B537800BECA61 /* Model */ = {
			isa = PBXGroup;
			children = (
				4A297151294B6C9000D6EF6A /* Engine.swift */,
				4A297150294B6C6500D6EF6A /* actors */,
			);
			path = Model;
			sourceTree = "<group>";
		};
/* End PBXGroup section */

/* Begin PBXNativeTarget section */
		4A3E0729294B531900BECA61 /* MyBowserBash */ = {
			isa = PBXNativeTarget;
			buildConfigurationList = 4A3E0741294B531A00BECA61 /* Build configuration list for PBXNativeTarget "MyBowserBash" */;
			buildPhases = (
				4A3E0726294B531900BECA61 /* Sources */,
				4A3E0727294B531900BECA61 /* Frameworks */,
				4A3E0728294B531900BECA61 /* Resources */,
			);
			buildRules = (
			);
			dependencies = (
			);
			name = MyBowserBash;
			productName = MyBowserBash;
			productReference = 4A3E072A294B531900BECA61 /* MyBowserBash.app */;
			productType = "com.apple.product-type.application";
		};
/* End PBXNativeTarget section */

/* Begin PBXProject section */
		4A3E0722294B531900BECA61 /* Project object */ = {
			isa = PBXProject;
			attributes = {
				BuildIndependentTargetsInParallel = 1;
				LastSwiftUpdateCheck = 1420;
				LastUpgradeCheck = 1420;
				TargetAttributes = {
					4A3E0729294B531900BECA61 = {
						CreatedOnToolsVersion = 14.2;
					};
				};
			};
			buildConfigurationList = 4A3E0725294B531900BECA61 /* Build configuration list for PBXProject "MyBowserBash" */;
			compatibilityVersion = "Xcode 14.0";
			developmentRegion = en;
			hasScannedForEncodings = 0;
			knownRegions = (
				en,
				Base,
			);
			mainGroup = 4A3E0721294B531900BECA61;
			productRefGroup = 4A3E072B294B531900BECA61 /* Products */;
			projectDirPath = "";
			projectRoot = "";
			targets = (
				4A3E0729294B531900BECA61 /* MyBowserBash */,
			);
		};
/* End PBXProject section */

/* Begin PBXResourcesBuildPhase section */
		4A3E0728294B531900BECA61 /* Resources */ = {
			isa = PBXResourcesBuildPhase;
			buildActionMask = 2147483647;
			files = (
				4A3E0757294B54E200BECA61 /* LaunchScreen.storyboard in Resources */,
				4A3E073A294B531A00BECA61 /* Assets.xcassets in Resources */,
				4A3E0735294B531900BECA61 /* Main.storyboard in Resources */,
			);
			runOnlyForDeploymentPostprocessing = 0;
		};
/* End PBXResourcesBuildPhase section */

/* Begin PBXSourcesBuildPhase section */
		4A3E0726294B531900BECA61 /* Sources */ = {
			isa = PBXSourcesBuildPhase;
			buildActionMask = 2147483647;
			files = (
				4A3E0732294B531900BECA61 /* BattleViewController.swift in Sources */,
				4A3E072E294B531900BECA61 /* AppDelegate.swift in Sources */,
				4A3E074E294B53CD00BECA61 /* Fighter.swift in Sources */,
				4A3E0730294B531900BECA61 /* SceneDelegate.swift in Sources */,
				4A3E074D294B53CD00BECA61 /* Mage.swift in Sources */,
				4A3E074C294B53CD00BECA61 /* Boss.swift in Sources */,
				4A3E0738294B531900BECA61 /* MyBowserBash.xcdatamodeld in Sources */,
				4A3E074F294B53CD00BECA61 /* Character.swift in Sources */,
				4A2113B2294B59C60087446C /* ResultViewController.swift in Sources */,
				4A297152294B6C9000D6EF6A /* Engine.swift in Sources */,
			);
			runOnlyForDeploymentPostprocessing = 0;
		};
/* End PBXSourcesBuildPhase section */

/* Begin PBXVariantGroup section */
		4A3E0733294B531900BECA61 /* Main.storyboard */ = {
			isa = PBXVariantGroup;
			children = (
				4A3E0734294B531900BECA61 /* Base */,
			);
			name = Main.storyboard;
			sourceTree = "<group>";
		};
/* End PBXVariantGroup section */

/* Begin XCBuildConfiguration section */
		4A3E073F294B531A00BECA61 /* Debug */ = {
			isa = XCBuildConfiguration;
			buildSettings = {
				ALWAYS_SEARCH_USER_PATHS = NO;
				CLANG_ANALYZER_NONNULL = YES;
				CLANG_ANALYZER_NUMBER_OBJECT_CONVERSION = YES_AGGRESSIVE;
				CLANG_CXX_LANGUAGE_STANDARD = "gnu++20";
				CLANG_ENABLE_MODULES = YES;
				CLANG_ENABLE_OBJC_ARC = YES;
				CLANG_ENABLE_OBJC_WEAK = YES;
				CLANG_WARN_BLOCK_CAPTURE_AUTORELEASING = YES;
				CLANG_WARN_BOOL_CONVERSION = YES;
				CLANG_WARN_COMMA = YES;
				CLANG_WARN_CONSTANT_CONVERSION = YES;
				CLANG_WARN_DEPRECATED_OBJC_IMPLEMENTATIONS = YES;
				CLANG_WARN_DIRECT_OBJC_ISA_USAGE = YES_ERROR;
				CLANG_WARN_DOCUMENTATION_COMMENTS = YES;
				CLANG_WARN_EMPTY_BODY = YES;
				CLANG_WARN_ENUM_CONVERSION = YES;
				CLANG_WARN_INFINITE_RECURSION = YES;
				CLANG_WARN_INT_CONVERSION = YES;
				CLANG_WARN_NON_LITERAL_NULL_CONVERSION = YES;
				CLANG_WARN_OBJC_IMPLICIT_RETAIN_SELF = YES;
				CLANG_WARN_OBJC_LITERAL_CONVERSION = YES;
				CLANG_WARN_OBJC_ROOT_CLASS = YES_ERROR;
				CLANG_WARN_QUOTED_INCLUDE_IN_FRAMEWORK_HEADER = YES;
				CLANG_WARN_RANGE_LOOP_ANALYSIS = YES;
				CLANG_WARN_STRICT_PROTOTYPES = YES;
				CLANG_WARN_SUSPICIOUS_MOVE = YES;
				CLANG_WARN_UNGUARDED_AVAILABILITY = YES_AGGRESSIVE;
				CLANG_WARN_UNREACHABLE_CODE = YES;
				CLANG_WARN__DUPLICATE_METHOD_MATCH = YES;
				COPY_PHASE_STRIP = NO;
				DEBUG_INFORMATION_FORMAT = dwarf;
				ENABLE_STRICT_OBJC_MSGSEND = YES;
				ENABLE_TESTABILITY = YES;
				GCC_C_LANGUAGE_STANDARD = gnu11;
				GCC_DYNAMIC_NO_PIC = NO;
				GCC_NO_COMMON_BLOCKS = YES;
				GCC_OPTIMIZATION_LEVEL = 0;
				GCC_PREPROCESSOR_DEFINITIONS = (
					"DEBUG=1",
					"$(inherited)",
				);
				GCC_WARN_64_TO_32_BIT_CONVERSION = YES;
				GCC_WARN_ABOUT_RETURN_TYPE = YES_ERROR;
				GCC_WARN_UNDECLARED_SELECTOR = YES;
				GCC_WARN_UNINITIALIZED_AUTOS = YES_AGGRESSIVE;
				GCC_WARN_UNUSED_FUNCTION = YES;
				GCC_WARN_UNUSED_VARIABLE = YES;
				IPHONEOS_DEPLOYMENT_TARGET = 16.2;
				MTL_ENABLE_DEBUG_INFO = INCLUDE_SOURCE;
				MTL_FAST_MATH = YES;
				ONLY_ACTIVE_ARCH = YES;
				SDKROOT = iphoneos;
				SWIFT_ACTIVE_COMPILATION_CONDITIONS = DEBUG;
				SWIFT_OPTIMIZATION_LEVEL = "-Onone";
			};
			name = Debug;
		};
		4A3E0740294B531A00BECA61 /* Release */ = {
			isa = XCBuildConfiguration;
			buildSettings = {
				ALWAYS_SEARCH_USER_PATHS = NO;
				CLANG_ANALYZER_NONNULL = YES;
				CLANG_ANALYZER_NUMBER_OBJECT_CONVERSION = YES_AGGRESSIVE;
				CLANG_CXX_LANGUAGE_STANDARD = "gnu++20";
				CLANG_ENABLE_MODULES = YES;
				CLANG_ENABLE_OBJC_ARC = YES;
				CLANG_ENABLE_OBJC_WEAK = YES;
				CLANG_WARN_BLOCK_CAPTURE_AUTORELEASING = YES;
				CLANG_WARN_BOOL_CONVERSION = YES;
				CLANG_WARN_COMMA = YES;
				CLANG_WARN_CONSTANT_CONVERSION = YES;
				CLANG_WARN_DEPRECATED_OBJC_IMPLEMENTATIONS = YES;
				CLANG_WARN_DIRECT_OBJC_ISA_USAGE = YES_ERROR;
				CLANG_WARN_DOCUMENTATION_COMMENTS = YES;
				CLANG_WARN_EMPTY_BODY = YES;
				CLANG_WARN_ENUM_CONVERSION = YES;
				CLANG_WARN_INFINITE_RECURSION = YES;
				CLANG_WARN_INT_CONVERSION = YES;
				CLANG_WARN_NON_LITERAL_NULL_CONVERSION = YES;
				CLANG_WARN_OBJC_IMPLICIT_RETAIN_SELF = YES;
				CLANG_WARN_OBJC_LITERAL_CONVERSION = YES;
				CLANG_WARN_OBJC_ROOT_CLASS = YES_ERROR;
				CLANG_WARN_QUOTED_INCLUDE_IN_FRAMEWORK_HEADER = YES;
				CLANG_WARN_RANGE_LOOP_ANALYSIS = YES;
				CLANG_WARN_STRICT_PROTOTYPES = YES;
				CLANG_WARN_SUSPICIOUS_MOVE = YES;
				CLANG_WARN_UNGUARDED_AVAILABILITY = YES_AGGRESSIVE;
				CLANG_WARN_UNREACHABLE_CODE = YES;
				CLANG_WARN__DUPLICATE_METHOD_MATCH = YES;
				COPY_PHASE_STRIP = NO;
				DEBUG_INFORMATION_FORMAT = "dwarf-with-dsym";
				ENABLE_NS_ASSERTIONS = NO;
				ENABLE_STRICT_OBJC_MSGSEND = YES;
				GCC_C_LANGUAGE_STANDARD = gnu11;
				GCC_NO_COMMON_BLOCKS = YES;
				GCC_WARN_64_TO_32_BIT_CONVERSION = YES;
				GCC_WARN_ABOUT_RETURN_TYPE = YES_ERROR;
				GCC_WARN_UNDECLARED_SELECTOR = YES;
				GCC_WARN_UNINITIALIZED_AUTOS = YES_AGGRESSIVE;
				GCC_WARN_UNUSED_FUNCTION = YES;
				GCC_WARN_UNUSED_VARIABLE = YES;
				IPHONEOS_DEPLOYMENT_TARGET = 16.2;
				MTL_ENABLE_DEBUG_INFO = NO;
				MTL_FAST_MATH = YES;
				SDKROOT = iphoneos;
				SWIFT_COMPILATION_MODE = wholemodule;
				SWIFT_OPTIMIZATION_LEVEL = "-O";
				VALIDATE_PRODUCT = YES;
			};
			name = Release;
		};
		4A3E0742294B531A00BECA61 /* Debug */ = {
			isa = XCBuildConfiguration;
			buildSettings = {
				ASSETCATALOG_COMPILER_APPICON_NAME = AppIcon;
				ASSETCATALOG_COMPILER_GLOBAL_ACCENT_COLOR_NAME = AccentColor;
				CODE_SIGN_STYLE = Automatic;
				CURRENT_PROJECT_VERSION = 1;
				DEVELOPMENT_TEAM = 4N5CZF3G4Q;
				GENERATE_INFOPLIST_FILE = YES;
				INFOPLIST_FILE = MyBowserBash/Info.plist;
				INFOPLIST_KEY_UIApplicationSupportsIndirectInputEvents = YES;
				INFOPLIST_KEY_UILaunchStoryboardName = LaunchScreen;
				INFOPLIST_KEY_UIMainStoryboardFile = Main;
				INFOPLIST_KEY_UISupportedInterfaceOrientations_iPad = "UIInterfaceOrientationPortrait UIInterfaceOrientationPortraitUpsideDown UIInterfaceOrientationLandscapeLeft UIInterfaceOrientationLandscapeRight";
				INFOPLIST_KEY_UISupportedInterfaceOrientations_iPhone = "UIInterfaceOrientationPortrait UIInterfaceOrientationLandscapeLeft UIInterfaceOrientationLandscapeRight";
				LD_RUNPATH_SEARCH_PATHS = (
					"$(inherited)",
					"@executable_path/Frameworks",
				);
				MARKETING_VERSION = 1.0;
				PRODUCT_BUNDLE_IDENTIFIER = codes.edrich.MyBowserBash;
				PRODUCT_NAME = "$(TARGET_NAME)";
				SWIFT_EMIT_LOC_STRINGS = YES;
				SWIFT_VERSION = 5.0;
				TARGETED_DEVICE_FAMILY = "1,2";
			};
			name = Debug;
		};
		4A3E0743294B531A00BECA61 /* Release */ = {
			isa = XCBuildConfiguration;
			buildSettings = {
				ASSETCATALOG_COMPILER_APPICON_NAME = AppIcon;
				ASSETCATALOG_COMPILER_GLOBAL_ACCENT_COLOR_NAME = AccentColor;
				CODE_SIGN_STYLE = Automatic;
				CURRENT_PROJECT_VERSION = 1;
				DEVELOPMENT_TEAM = 4N5CZF3G4Q;
				GENERATE_INFOPLIST_FILE = YES;
				INFOPLIST_FILE = MyBowserBash/Info.plist;
				INFOPLIST_KEY_UIApplicationSupportsIndirectInputEvents = YES;
				INFOPLIST_KEY_UILaunchStoryboardName = LaunchScreen;
				INFOPLIST_KEY_UIMainStoryboardFile = Main;
				INFOPLIST_KEY_UISupportedInterfaceOrientations_iPad = "UIInterfaceOrientationPortrait UIInterfaceOrientationPortraitUpsideDown UIInterfaceOrientationLandscapeLeft UIInterfaceOrientationLandscapeRight";
				INFOPLIST_KEY_UISupportedInterfaceOrientations_iPhone = "UIInterfaceOrientationPortrait UIInterfaceOrientationLandscapeLeft UIInterfaceOrientationLandscapeRight";
				LD_RUNPATH_SEARCH_PATHS = (
					"$(inherited)",
					"@executable_path/Frameworks",
				);
				MARKETING_VERSION = 1.0;
				PRODUCT_BUNDLE_IDENTIFIER = codes.edrich.MyBowserBash;
				PRODUCT_NAME = "$(TARGET_NAME)";
				SWIFT_EMIT_LOC_STRINGS = YES;
				SWIFT_VERSION = 5.0;
				TARGETED_DEVICE_FAMILY = "1,2";
			};
			name = Release;
		};
/* End XCBuildConfiguration section */

/* Begin XCConfigurationList section */
		4A3E0725294B531900BECA61 /* Build configuration list for PBXProject "MyBowserBash" */ = {
			isa = XCConfigurationList;
			buildConfigurations = (
				4A3E073F294B531A00BECA61 /* Debug */,
				4A3E0740294B531A00BECA61 /* Release */,
			);
			defaultConfigurationIsVisible = 0;
			defaultConfigurationName = Release;
		};
		4A3E0741294B531A00BECA61 /* Build configuration list for PBXNativeTarget "MyBowserBash" */ = {
			isa = XCConfigurationList;
			buildConfigurations = (
				4A3E0742294B531A00BECA61 /* Debug */,
				4A3E0743294B531A00BECA61 /* Release */,
			);
			defaultConfigurationIsVisible = 0;
			defaultConfigurationName = Release;
		};
/* End XCConfigurationList section */

/* Begin XCVersionGroup section */
		4A3E0736294B531900BECA61 /* MyBowserBash.xcdatamodeld */ = {
			isa = XCVersionGroup;
			children = (
				4A3E0737294B531900BECA61 /* MyBowserBash.xcdatamodel */,
			);
			currentVersion = 4A3E0737294B531900BECA61 /* MyBowserBash.xcdatamodel */;
			path = MyBowserBash.xcdatamodeld;
			sourceTree = "<group>";
			versionGroupType = wrapper.xcdatamodel;
		};
/* End XCVersionGroup section */
	};
	rootObject = 4A3E0722294B531900BECA61 /* Project object */;
}
